
Microsoft Visual Studio Solution File, Format Version 12.00
# Visual Studio Version 16
VisualStudioVersion = 16.0.31702.278
MinimumVisualStudioVersion = 10.0.40219.1
Project("{FAE04EC0-301F-11D3-BF4B-00C04F79EFBC}") = "DemoLoginFramework", "DemoLoginFramework\DemoLoginFramework.csproj", "{0068FC52-6B3F-4E6A-A3DF-A4E25B410F5E}"
EndProject
Global
	GlobalSection(SolutionConfigurationPlatforms) = preSolution
		Debug|Any CPU = Debug|Any CPU
		Release|Any CPU = Release|Any CPU
	EndGlobalSection
	GlobalSection(ProjectConfigurationPlatforms) = postSolution
		{0068FC52-6B3F-4E6A-A3DF-A4E25B410F5E}.Debug|Any CPU.ActiveCfg = Debug|Any CPU
		{0068FC52-6B3F-4E6A-A3DF-A4E25B410F5E}.Debug|Any CPU.Build.0 = Debug|Any CPU
		{0068FC52-6B3F-4E6A-A3DF-A4E25B410F5E}.Release|Any CPU.ActiveCfg = Release|Any CPU
		{0068FC52-6B3F-4E6A-A3DF-A4E25B410F5E}.Release|Any CPU.Build.0 = Release|Any CPU
	EndGlobalSection
	GlobalSection(SolutionProperties) = preSolution
		HideSolutionNode = FALSE
	EndGlobalSection
	GlobalSection(ExtensibilityGlobals) = postSolution
		SolutionGuid = {334CDD93-61EE-45ED-88E7-11A3760B2213}
	EndGlobalSection
EndGlobal
